
Microsoft Visual Studio Solution File, Format Version 11.00
# Visual Studio 2010
Project("{8BC9CEB8-8B4A-11D0-8D11-00A0C91BC942}") = "camera_control", "camera_control\camera_control.vcxproj", "{B6B8E96C-2929-454B-80DA-A75A6ED5C240}"
EndProject
Global
	GlobalSection(SolutionConfigurationPlatforms) = preSolution
		Debug|Win32 = Debug|Win32
		Release|Win32 = Release|Win32
	EndGlobalSection
	GlobalSection(ProjectConfigurationPlatforms) = postSolution
		{B6B8E96C-2929-454B-80DA-A75A6ED5C240}.Debug|Win32.ActiveCfg = Debug|Win32
		{B6B8E96C-2929-454B-80DA-A75A6ED5C240}.Debug|Win32.Build.0 = Debug|Win32
		{B6B8E96C-2929-454B-80DA-A75A6ED5C240}.Release|Win32.ActiveCfg = Release|Win32
		{B6B8E96C-2929-454B-80DA-A75A6ED5C240}.Release|Win32.Build.0 = Release|Win32
	EndGlobalSection
	GlobalSection(SolutionProperties) = preSolution
		HideSolutionNode = FALSE
	EndGlobalSection
EndGlobal
